// !$*UTF8*$!
{
	archiveVersion = 1;
	classes = {
	};
	objectVersion = 55;
	objects = {

/* Begin PBXBuildFile section */
		0A1849F427BEFFC000276C41 /* Search_For_BirdsApp.swift in Sources */ = {isa = PBXBuildFile; fileRef = 0A1849F327BEFFC000276C41 /* Search_For_BirdsApp.swift */; };
		0A1849F827BEFFCA00276C41 /* Assets.xcassets in Resources */ = {isa = PBXBuildFile; fileRef = 0A1849F727BEFFCA00276C41 /* Assets.xcassets */; };
		0A1849FB27BEFFCA00276C41 /* Preview Assets.xcassets in Resources */ = {isa = PBXBuildFile; fileRef = 0A1849FA27BEFFCA00276C41 /* Preview Assets.xcassets */; };
		0A184A0527BEFFCC00276C41 /* Search_For_BirdsTests.swift in Sources */ = {isa = PBXBuildFile; fileRef = 0A184A0427BEFFCC00276C41 /* Search_For_BirdsTests.swift */; };
		0A184A0F27BEFFCC00276C41 /* Search_For_BirdsUITests.swift in Sources */ = {isa = PBXBuildFile; fileRef = 0A184A0E27BEFFCC00276C41 /* Search_For_BirdsUITests.swift */; };
		0A184A1127BEFFCC00276C41 /* Search_For_BirdsUITestsLaunchTests.swift in Sources */ = {isa = PBXBuildFile; fileRef = 0A184A1027BEFFCC00276C41 /* Search_For_BirdsUITestsLaunchTests.swift */; };
		0A6C311727D255BD00CA5E0B /* EditView.swift in Sources */ = {isa = PBXBuildFile; fileRef = 0A6C311627D255BD00CA5E0B /* EditView.swift */; };
		0ADDF93027CFEE4F00D31070 /* MapView.swift in Sources */ = {isa = PBXBuildFile; fileRef = 0ADDF92F27CFEE4E00D31070 /* MapView.swift */; };
		0ADDF93227D0C6E000D31070 /* ContentView.swift in Sources */ = {isa = PBXBuildFile; fileRef = 0ADDF93127D0C6E000D31070 /* ContentView.swift */; };
		0ADDF93427D1543600D31070 /* BirdAddLocation.swift in Sources */ = {isa = PBXBuildFile; fileRef = 0ADDF93327D1543500D31070 /* BirdAddLocation.swift */; };
		B7E1F8B72812A86C0077FD1F /* LocationManager.swift in Sources */ = {isa = PBXBuildFile; fileRef = B7E1F8B62812A86C0077FD1F /* LocationManager.swift */; };
/* End PBXBuildFile section */

/* Begin PBXContainerItemProxy section */
		0A184A0127BEFFCC00276C41 /* PBXContainerItemProxy */ = {
			isa = PBXContainerItemProxy;
			containerPortal = 0A1849E827BEFFC000276C41 /* Project object */;
			proxyType = 1;
			remoteGlobalIDString = 0A1849EF27BEFFC000276C41;
			remoteInfo = "Search For Birds";
		};
		0A184A0B27BEFFCC00276C41 /* PBXContainerItemProxy */ = {
			isa = PBXContainerItemProxy;
			containerPortal = 0A1849E827BEFFC000276C41 /* Project object */;
			proxyType = 1;
			remoteGlobalIDString = 0A1849EF27BEFFC000276C41;
			remoteInfo = "Search For Birds";
		};
/* End PBXContainerItemProxy section */

/* Begin PBXFileReference section */
		0A1849F027BEFFC000276C41 /* Search For Birds.app */ = {isa = PBXFileReference; explicitFileType = wrapper.application; includeInIndex = 0; path = "Search For Birds.app"; sourceTree = BUILT_PRODUCTS_DIR; };
		0A1849F327BEFFC000276C41 /* Search_For_BirdsApp.swift */ = {isa = PBXFileReference; lastKnownFileType = sourcecode.swift; path = Search_For_BirdsApp.swift; sourceTree = "<group>"; };
		0A1849F727BEFFCA00276C41 /* Assets.xcassets */ = {isa = PBXFileReference; lastKnownFileType = folder.assetcatalog; path = Assets.xcassets; sourceTree = "<group>"; };
		0A1849FA27BEFFCA00276C41 /* Preview Assets.xcassets */ = {isa = PBXFileReference; lastKnownFileType = folder.assetcatalog; path = "Preview Assets.xcassets"; sourceTree = "<group>"; };
		0A184A0027BEFFCC00276C41 /* Search For BirdsTests.xctest */ = {isa = PBXFileReference; explicitFileType = wrapper.cfbundle; includeInIndex = 0; path = "Search For BirdsTests.xctest"; sourceTree = BUILT_PRODUCTS_DIR; };
		0A184A0427BEFFCC00276C41 /* Search_For_BirdsTests.swift */ = {isa = PBXFileReference; lastKnownFileType = sourcecode.swift; path = Search_For_BirdsTests.swift; sourceTree = "<group>"; };
		0A184A0A27BEFFCC00276C41 /* Search For BirdsUITests.xctest */ = {isa = PBXFileReference; explicitFileType = wrapper.cfbundle; includeInIndex = 0; path = "Search For BirdsUITests.xctest"; sourceTree = BUILT_PRODUCTS_DIR; };
		0A184A0E27BEFFCC00276C41 /* Search_For_BirdsUITests.swift */ = {isa = PBXFileReference; lastKnownFileType = sourcecode.swift; path = Search_For_BirdsUITests.swift; sourceTree = "<group>"; };
		0A184A1027BEFFCC00276C41 /* Search_For_BirdsUITestsLaunchTests.swift */ = {isa = PBXFileReference; lastKnownFileType = sourcecode.swift; path = Search_For_BirdsUITestsLaunchTests.swift; sourceTree = "<group>"; };
		0A6C311627D255BD00CA5E0B /* EditView.swift */ = {isa = PBXFileReference; lastKnownFileType = sourcecode.swift; path = EditView.swift; sourceTree = "<group>"; };
		0ADDF92F27CFEE4E00D31070 /* MapView.swift */ = {isa = PBXFileReference; lastKnownFileType = sourcecode.swift; path = MapView.swift; sourceTree = "<group>"; };
		0ADDF93127D0C6E000D31070 /* ContentView.swift */ = {isa = PBXFileReference; fileEncoding = 4; lastKnownFileType = sourcecode.swift; path = ContentView.swift; sourceTree = "<group>"; };
		0ADDF93327D1543500D31070 /* BirdAddLocation.swift */ = {isa = PBXFileReference; lastKnownFileType = sourcecode.swift; path = BirdAddLocation.swift; sourceTree = "<group>"; };
		B7E1F8B62812A86C0077FD1F /* LocationManager.swift */ = {isa = PBXFileReference; lastKnownFileType = sourcecode.swift; path = LocationManager.swift; sourceTree = "<group>"; };
/* End PBXFileReference section */

/* Begin PBXFrameworksBuildPhase section */
		0A1849ED27BEFFC000276C41 /* Frameworks */ = {
			isa = PBXFrameworksBuildPhase;
			buildActionMask = 2147483647;
			files = (
			);
			runOnlyForDeploymentPostprocessing = 0;
		};
		0A1849FD27BEFFCC00276C41 /* Frameworks */ = {
			isa = PBXFrameworksBuildPhase;
			buildActionMask = 2147483647;
			files = (
			);
			runOnlyForDeploymentPostprocessing = 0;
		};
		0A184A0727BEFFCC00276C41 /* Frameworks */ = {
			isa = PBXFrameworksBuildPhase;
			buildActionMask = 2147483647;
			files = (
			);
			runOnlyForDeploymentPostprocessing = 0;
		};
/* End PBXFrameworksBuildPhase section */

/* Begin PBXGroup section */
		0A1849E727BEFFC000276C41 = {
			isa = PBXGroup;
			children = (
				0A1849F227BEFFC000276C41 /* Search For Birds */,
				0A184A0327BEFFCC00276C41 /* Search For BirdsTests */,
				0A184A0D27BEFFCC00276C41 /* Search For BirdsUITests */,
				0A1849F127BEFFC000276C41 /* Products */,
			);
			sourceTree = "<group>";
		};
		0A1849F127BEFFC000276C41 /* Products */ = {
			isa = PBXGroup;
			children = (
				0A1849F027BEFFC000276C41 /* Search For Birds.app */,
				0A184A0027BEFFCC00276C41 /* Search For BirdsTests.xctest */,
				0A184A0A27BEFFCC00276C41 /* Search For BirdsUITests.xctest */,
			);
			name = Products;
			sourceTree = "<group>";
		};
		0A1849F227BEFFC000276C41 /* Search For Birds */ = {
			isa = PBXGroup;
			children = (
				0A1849F327BEFFC000276C41 /* Search_For_BirdsApp.swift */,
				0ADDF93127D0C6E000D31070 /* ContentView.swift */,
				0ADDF93327D1543500D31070 /* BirdAddLocation.swift */,
				0A6C311627D255BD00CA5E0B /* EditView.swift */,
				0ADDF92F27CFEE4E00D31070 /* MapView.swift */,
				0A1849F727BEFFCA00276C41 /* Assets.xcassets */,
				0A1849F927BEFFCA00276C41 /* Preview Content */,
				B7E1F8B62812A86C0077FD1F /* LocationManager.swift */,
			);
			path = "Search For Birds";
			sourceTree = "<group>";
		};
		0A1849F927BEFFCA00276C41 /* Preview Content */ = {
			isa = PBXGroup;
			children = (
				0A1849FA27BEFFCA00276C41 /* Preview Assets.xcassets */,
			);
			path = "Preview Content";
			sourceTree = "<group>";
		};
		0A184A0327BEFFCC00276C41 /* Search For BirdsTests */ = {
			isa = PBXGroup;
			children = (
				0A184A0427BEFFCC00276C41 /* Search_For_BirdsTests.swift */,
			);
			path = "Search For BirdsTests";
			sourceTree = "<group>";
		};
		0A184A0D27BEFFCC00276C41 /* Search For BirdsUITests */ = {
			isa = PBXGroup;
			children = (
				0A184A0E27BEFFCC00276C41 /* Search_For_BirdsUITests.swift */,
				0A184A1027BEFFCC00276C41 /* Search_For_BirdsUITestsLaunchTests.swift */,
			);
			path = "Search For BirdsUITests";
			sourceTree = "<group>";
		};
/* End PBXGroup section */

/* Begin PBXNativeTarget section */
		0A1849EF27BEFFC000276C41 /* Search For Birds */ = {
			isa = PBXNativeTarget;
			buildConfigurationList = 0A184A1427BEFFCC00276C41 /* Build configuration list for PBXNativeTarget "Search For Birds" */;
			buildPhases = (
				0A1849EC27BEFFC000276C41 /* Sources */,
				0A1849ED27BEFFC000276C41 /* Frameworks */,
				0A1849EE27BEFFC000276C41 /* Resources */,
			);
			buildRules = (
			);
			dependencies = (
			);
			name = "Search For Birds";
			productName = "Search For Birds";
			productReference = 0A1849F027BEFFC000276C41 /* Search For Birds.app */;
			productType = "com.apple.product-type.application";
		};
		0A1849FF27BEFFCC00276C41 /* Search For BirdsTests */ = {
			isa = PBXNativeTarget;
			buildConfigurationList = 0A184A1727BEFFCC00276C41 /* Build configuration list for PBXNativeTarget "Search For BirdsTests" */;
			buildPhases = (
				0A1849FC27BEFFCC00276C41 /* Sources */,
				0A1849FD27BEFFCC00276C41 /* Frameworks */,
				0A1849FE27BEFFCC00276C41 /* Resources */,
			);
			buildRules = (
			);
			dependencies = (
				0A184A0227BEFFCC00276C41 /* PBXTargetDependency */,
			);
			name = "Search For BirdsTests";
			productName = "Search For BirdsTests";
			productReference = 0A184A0027BEFFCC00276C41 /* Search For BirdsTests.xctest */;
			productType = "com.apple.product-type.bundle.unit-test";
		};
		0A184A0927BEFFCC00276C41 /* Search For BirdsUITests */ = {
			isa = PBXNativeTarget;
			buildConfigurationList = 0A184A1A27BEFFCC00276C41 /* Build configuration list for PBXNativeTarget "Search For BirdsUITests" */;
			buildPhases = (
				0A184A0627BEFFCC00276C41 /* Sources */,
				0A184A0727BEFFCC00276C41 /* Frameworks */,
				0A184A0827BEFFCC00276C41 /* Resources */,
			);
			buildRules = (
			);
			dependencies = (
				0A184A0C27BEFFCC00276C41 /* PBXTargetDependency */,
			);
			name = "Search For BirdsUITests";
			productName = "Search For BirdsUITests";
			productReference = 0A184A0A27BEFFCC00276C41 /* Search For BirdsUITests.xctest */;
			productType = "com.apple.product-type.bundle.ui-testing";
		};
/* End PBXNativeTarget section */

/* Begin PBXProject section */
		0A1849E827BEFFC000276C41 /* Project object */ = {
			isa = PBXProject;
			attributes = {
				BuildIndependentTargetsInParallel = 1;
				LastSwiftUpdateCheck = 1330;
				LastUpgradeCheck = 1330;
				TargetAttributes = {
					0A1849EF27BEFFC000276C41 = {
						CreatedOnToolsVersion = 13.3;
					};
					0A1849FF27BEFFCC00276C41 = {
						CreatedOnToolsVersion = 13.3;
						TestTargetID = 0A1849EF27BEFFC000276C41;
					};
					0A184A0927BEFFCC00276C41 = {
						CreatedOnToolsVersion = 13.3;
						TestTargetID = 0A1849EF27BEFFC000276C41;
					};
				};
			};
			buildConfigurationList = 0A1849EB27BEFFC000276C41 /* Build configuration list for PBXProject "Search For Birds" */;
			compatibilityVersion = "Xcode 13.0";
			developmentRegion = en;
			hasScannedForEncodings = 0;
			knownRegions = (
				en,
				Base,
			);
			mainGroup = 0A1849E727BEFFC000276C41;
			productRefGroup = 0A1849F127BEFFC000276C41 /* Products */;
			projectDirPath = "";
			projectRoot = "";
			targets = (
				0A1849EF27BEFFC000276C41 /* Search For Birds */,
				0A1849FF27BEFFCC00276C41 /* Search For BirdsTests */,
				0A184A0927BEFFCC00276C41 /* Search For BirdsUITests */,
			);
		};
/* End PBXProject section */

/* Begin PBXResourcesBuildPhase section */
		0A1849EE27BEFFC000276C41 /* Resources */ = {
			isa = PBXResourcesBuildPhase;
			buildActionMask = 2147483647;
			files = (
				0A1849FB27BEFFCA00276C41 /* Preview Assets.xcassets in Resources */,
				0A1849F827BEFFCA00276C41 /* Assets.xcassets in Resources */,
			);
			runOnlyForDeploymentPostprocessing = 0;
		};
		0A1849FE27BEFFCC00276C41 /* Resources */ = {
			isa = PBXResourcesBuildPhase;
			buildActionMask = 2147483647;
			files = (
			);
			runOnlyForDeploymentPostprocessing = 0;
		};
		0A184A0827BEFFCC00276C41 /* Resources */ = {
			isa = PBXResourcesBuildPhase;
			buildActionMask = 2147483647;
			files = (
			);
			runOnlyForDeploymentPostprocessing = 0;
		};
/* End PBXResourcesBuildPhase section */

/* Begin PBXSourcesBuildPhase section */
		0A1849EC27BEFFC000276C41 /* Sources */ = {
			isa = PBXSourcesBuildPhase;
			buildActionMask = 2147483647;
			files = (
				0ADDF93027CFEE4F00D31070 /* MapView.swift in Sources */,
				0A6C311727D255BD00CA5E0B /* EditView.swift in Sources */,
				B7E1F8B72812A86C0077FD1F /* LocationManager.swift in Sources */,
				0A1849F427BEFFC000276C41 /* Search_For_BirdsApp.swift in Sources */,
				0ADDF93227D0C6E000D31070 /* ContentView.swift in Sources */,
				0ADDF93427D1543600D31070 /* BirdAddLocation.swift in Sources */,
			);
			runOnlyForDeploymentPostprocessing = 0;
		};
		0A1849FC27BEFFCC00276C41 /* Sources */ = {
			isa = PBXSourcesBuildPhase;
			buildActionMask = 2147483647;
			files = (
				0A184A0527BEFFCC00276C41 /* Search_For_BirdsTests.swift in Sources */,
			);
			runOnlyForDeploymentPostprocessing = 0;
		};
		0A184A0627BEFFCC00276C41 /* Sources */ = {
			isa = PBXSourcesBuildPhase;
			buildActionMask = 2147483647;
			files = (
				0A184A0F27BEFFCC00276C41 /* Search_For_BirdsUITests.swift in Sources */,
				0A184A1127BEFFCC00276C41 /* Search_For_BirdsUITestsLaunchTests.swift in Sources */,
			);
			runOnlyForDeploymentPostprocessing = 0;
		};
/* End PBXSourcesBuildPhase section */

/* Begin PBXTargetDependency section */
		0A184A0227BEFFCC00276C41 /* PBXTargetDependency */ = {
			isa = PBXTargetDependency;
			target = 0A1849EF27BEFFC000276C41 /* Search For Birds */;
			targetProxy = 0A184A0127BEFFCC00276C41 /* PBXContainerItemProxy */;
		};
		0A184A0C27BEFFCC00276C41 /* PBXTargetDependency */ = {
			isa = PBXTargetDependency;
			target = 0A1849EF27BEFFC000276C41 /* Search For Birds */;
			targetProxy = 0A184A0B27BEFFCC00276C41 /* PBXContainerItemProxy */;
		};
/* End PBXTargetDependency section */

/* Begin XCBuildConfiguration section */
		0A184A1227BEFFCC00276C41 /* Debug */ = {
			isa = XCBuildConfiguration;
			buildSettings = {
				ALWAYS_SEARCH_USER_PATHS = NO;
				CLANG_ANALYZER_NONNULL = YES;
				CLANG_ANALYZER_NUMBER_OBJECT_CONVERSION = YES_AGGRESSIVE;
				CLANG_CXX_LANGUAGE_STANDARD = "gnu++17";
				CLANG_ENABLE_MODULES = YES;
				CLANG_ENABLE_OBJC_ARC = YES;
				CLANG_ENABLE_OBJC_WEAK = YES;
				CLANG_WARN_BLOCK_CAPTURE_AUTORELEASING = YES;
				CLANG_WARN_BOOL_CONVERSION = YES;
				CLANG_WARN_COMMA = YES;
				CLANG_WARN_CONSTANT_CONVERSION = YES;
				CLANG_WARN_DEPRECATED_OBJC_IMPLEMENTATIONS = YES;
				CLANG_WARN_DIRECT_OBJC_ISA_USAGE = YES_ERROR;
				CLANG_WARN_DOCUMENTATION_COMMENTS = YES;
				CLANG_WARN_EMPTY_BODY = YES;
				CLANG_WARN_ENUM_CONVERSION = YES;
				CLANG_WARN_INFINITE_RECURSION = YES;
				CLANG_WARN_INT_CONVERSION = YES;
				CLANG_WARN_NON_LITERAL_NULL_CONVERSION = YES;
				CLANG_WARN_OBJC_IMPLICIT_RETAIN_SELF = YES;
				CLANG_WARN_OBJC_LITERAL_CONVERSION = YES;
				CLANG_WARN_OBJC_ROOT_CLASS = YES_ERROR;
				CLANG_WARN_QUOTED_INCLUDE_IN_FRAMEWORK_HEADER = YES;
				CLANG_WARN_RANGE_LOOP_ANALYSIS = YES;
				CLANG_WARN_STRICT_PROTOTYPES = YES;
				CLANG_WARN_SUSPICIOUS_MOVE = YES;
				CLANG_WARN_UNGUARDED_AVAILABILITY = YES_AGGRESSIVE;
				CLANG_WARN_UNREACHABLE_CODE = YES;
				CLANG_WARN__DUPLICATE_METHOD_MATCH = YES;
				COPY_PHASE_STRIP = NO;
				DEBUG_INFORMATION_FORMAT = dwarf;
				ENABLE_STRICT_OBJC_MSGSEND = YES;
				ENABLE_TESTABILITY = YES;
				GCC_C_LANGUAGE_STANDARD = gnu11;
				GCC_DYNAMIC_NO_PIC = NO;
				GCC_NO_COMMON_BLOCKS = YES;
				GCC_OPTIMIZATION_LEVEL = 0;
				GCC_PREPROCESSOR_DEFINITIONS = (
					"DEBUG=1",
					"$(inherited)",
				);
				GCC_WARN_64_TO_32_BIT_CONVERSION = YES;
				GCC_WARN_ABOUT_RETURN_TYPE = YES_ERROR;
				GCC_WARN_UNDECLARED_SELECTOR = YES;
				GCC_WARN_UNINITIALIZED_AUTOS = YES_AGGRESSIVE;
				GCC_WARN_UNUSED_FUNCTION = YES;
				GCC_WARN_UNUSED_VARIABLE = YES;
				IPHONEOS_DEPLOYMENT_TARGET = 15.4;
				MTL_ENABLE_DEBUG_INFO = INCLUDE_SOURCE;
				MTL_FAST_MATH = YES;
				ONLY_ACTIVE_ARCH = YES;
				SDKROOT = iphoneos;
				SWIFT_ACTIVE_COMPILATION_CONDITIONS = DEBUG;
				SWIFT_OPTIMIZATION_LEVEL = "-Onone";
			};
			name = Debug;
		};
		0A184A1327BEFFCC00276C41 /* Release */ = {
			isa = XCBuildConfiguration;
			buildSettings = {
				ALWAYS_SEARCH_USER_PATHS = NO;
				CLANG_ANALYZER_NONNULL = YES;
				CLANG_ANALYZER_NUMBER_OBJECT_CONVERSION = YES_AGGRESSIVE;
				CLANG_CXX_LANGUAGE_STANDARD = "gnu++17";
				CLANG_ENABLE_MODULES = YES;
				CLANG_ENABLE_OBJC_ARC = YES;
				CLANG_ENABLE_OBJC_WEAK = YES;
				CLANG_WARN_BLOCK_CAPTURE_AUTORELEASING = YES;
				CLANG_WARN_BOOL_CONVERSION = YES;
				CLANG_WARN_COMMA = YES;
				CLANG_WARN_CONSTANT_CONVERSION = YES;
				CLANG_WARN_DEPRECATED_OBJC_IMPLEMENTATIONS = YES;
				CLANG_WARN_DIRECT_OBJC_ISA_USAGE = YES_ERROR;
				CLANG_WARN_DOCUMENTATION_COMMENTS = YES;
				CLANG_WARN_EMPTY_BODY = YES;
				CLANG_WARN_ENUM_CONVERSION = YES;
				CLANG_WARN_INFINITE_RECURSION = YES;
				CLANG_WARN_INT_CONVERSION = YES;
				CLANG_WARN_NON_LITERAL_NULL_CONVERSION = YES;
				CLANG_WARN_OBJC_IMPLICIT_RETAIN_SELF = YES;
				CLANG_WARN_OBJC_LITERAL_CONVERSION = YES;
				CLANG_WARN_OBJC_ROOT_CLASS = YES_ERROR;
				CLANG_WARN_QUOTED_INCLUDE_IN_FRAMEWORK_HEADER = YES;
				CLANG_WARN_RANGE_LOOP_ANALYSIS = YES;
				CLANG_WARN_STRICT_PROTOTYPES = YES;
				CLANG_WARN_SUSPICIOUS_MOVE = YES;
				CLANG_WARN_UNGUARDED_AVAILABILITY = YES_AGGRESSIVE;
				CLANG_WARN_UNREACHABLE_CODE = YES;
				CLANG_WARN__DUPLICATE_METHOD_MATCH = YES;
				COPY_PHASE_STRIP = NO;
				DEBUG_INFORMATION_FORMAT = "dwarf-with-dsym";
				ENABLE_NS_ASSERTIONS = NO;
				ENABLE_STRICT_OBJC_MSGSEND = YES;
				GCC_C_LANGUAGE_STANDARD = gnu11;
				GCC_NO_COMMON_BLOCKS = YES;
				GCC_WARN_64_TO_32_BIT_CONVERSION = YES;
				GCC_WARN_ABOUT_RETURN_TYPE = YES_ERROR;
				GCC_WARN_UNDECLARED_SELECTOR = YES;
				GCC_WARN_UNINITIALIZED_AUTOS = YES_AGGRESSIVE;
				GCC_WARN_UNUSED_FUNCTION = YES;
				GCC_WARN_UNUSED_VARIABLE = YES;
				IPHONEOS_DEPLOYMENT_TARGET = 15.4;
				MTL_ENABLE_DEBUG_INFO = NO;
				MTL_FAST_MATH = YES;
				SDKROOT = iphoneos;
				SWIFT_COMPILATION_MODE = wholemodule;
				SWIFT_OPTIMIZATION_LEVEL = "-O";
				VALIDATE_PRODUCT = YES;
			};
			name = Release;
		};
		0A184A1527BEFFCC00276C41 /* Debug */ = {
			isa = XCBuildConfiguration;
			buildSettings = {
				ASSETCATALOG_COMPILER_APPICON_NAME = AppIcon;
				ASSETCATALOG_COMPILER_GLOBAL_ACCENT_COLOR_NAME = AccentColor;
				CODE_SIGN_STYLE = Automatic;
				CURRENT_PROJECT_VERSION = 1;
				DEVELOPMENT_ASSET_PATHS = "\"Search For Birds/Preview Content\"";
				DEVELOPMENT_TEAM = 4MU56CS954;
				ENABLE_PREVIEWS = YES;
				GENERATE_INFOPLIST_FILE = YES;
				INFOPLIST_KEY_CFBundleDisplayName = "";
				INFOPLIST_KEY_LSApplicationCategoryType = "";
				INFOPLIST_KEY_NSLocationAlwaysAndWhenInUseUsageDescription = "Let us access your location to use GPS services?";
				INFOPLIST_KEY_NSLocationWhenInUseUsageDescription = "Let us access your location to use GPS services?";
				INFOPLIST_KEY_UIApplicationSceneManifest_Generation = YES;
				INFOPLIST_KEY_UIApplicationSupportsIndirectInputEvents = YES;
				INFOPLIST_KEY_UILaunchScreen_Generation = YES;
				INFOPLIST_KEY_UISupportedInterfaceOrientations_iPad = "UIInterfaceOrientationPortrait UIInterfaceOrientationPortraitUpsideDown UIInterfaceOrientationLandscapeLeft UIInterfaceOrientationLandscapeRight";
				INFOPLIST_KEY_UISupportedInterfaceOrientations_iPhone = "UIInterfaceOrientationPortrait UIInterfaceOrientationLandscapeLeft UIInterfaceOrientationLandscapeRight";
				LD_RUNPATH_SEARCH_PATHS = (
					"$(inherited)",
					"@executable_path/Frameworks",
				);
				MARKETING_VERSION = 1.0;
				PRODUCT_BUNDLE_IDENTIFIER = "SearchForBirds.Search-For-Birds";
				PRODUCT_NAME = "$(TARGET_NAME)";
				SWIFT_EMIT_LOC_STRINGS = YES;
				SWIFT_VERSION = 5.0;
				TARGETED_DEVICE_FAMILY = "1,2";
			};
			name = Debug;
		};
		0A184A1627BEFFCC00276C41 /* Release */ = {
			isa = XCBuildConfiguration;
			buildSettings = {
				ASSETCATALOG_COMPILER_APPICON_NAME = AppIcon;
				ASSETCATALOG_COMPILER_GLOBAL_ACCENT_COLOR_NAME = AccentColor;
				CODE_SIGN_STYLE = Automatic;
				CURRENT_PROJECT_VERSION = 1;
				DEVELOPMENT_ASSET_PATHS = "\"Search For Birds/Preview Content\"";
				DEVELOPMENT_TEAM = 4MU56CS954;
				ENABLE_PREVIEWS = YES;
				GENERATE_INFOPLIST_FILE = YES;
				"INFOPLIST_FILE[sdk=*]" = "";
				INFOPLIST_KEY_CFBundleDisplayName = "";
				INFOPLIST_KEY_LSApplicationCategoryType = "";
				INFOPLIST_KEY_NSLocationAlwaysAndWhenInUseUsageDescription = "Let us access your location to use GPS services?";
				INFOPLIST_KEY_NSLocationWhenInUseUsageDescription = "Let us access your location to use GPS services?";
				INFOPLIST_KEY_UIApplicationSceneManifest_Generation = YES;
				INFOPLIST_KEY_UIApplicationSupportsIndirectInputEvents = YES;
				INFOPLIST_KEY_UILaunchScreen_Generation = YES;
				INFOPLIST_KEY_UISupportedInterfaceOrientations_iPad = "UIInterfaceOrientationPortrait UIInterfaceOrientationPortraitUpsideDown UIInterfaceOrientationLandscapeLeft UIInterfaceOrientationLandscapeRight";
				INFOPLIST_KEY_UISupportedInterfaceOrientations_iPhone = "UIInterfaceOrientationPortrait UIInterfaceOrientationLandscapeLeft UIInterfaceOrientationLandscapeRight";
				LD_RUNPATH_SEARCH_PATHS = (
					"$(inherited)",
					"@executable_path/Frameworks",
				);
				MARKETING_VERSION = 1.0;
				PRODUCT_BUNDLE_IDENTIFIER = "SearchForBirds.Search-For-Birds";
				PRODUCT_NAME = "$(TARGET_NAME)";
				SWIFT_EMIT_LOC_STRINGS = YES;
				SWIFT_VERSION = 5.0;
				TARGETED_DEVICE_FAMILY = "1,2";
			};
			name = Release;
		};
		0A184A1827BEFFCC00276C41 /* Debug */ = {
			isa = XCBuildConfiguration;
			buildSettings = {
				ALWAYS_EMBED_SWIFT_STANDARD_LIBRARIES = YES;
				BUNDLE_LOADER = "$(TEST_HOST)";
				CODE_SIGN_STYLE = Automatic;
				CURRENT_PROJECT_VERSION = 1;
				DEVELOPMENT_TEAM = 4MU56CS954;
				GENERATE_INFOPLIST_FILE = YES;
				IPHONEOS_DEPLOYMENT_TARGET = 15.4;
				MARKETING_VERSION = 1.0;
				PRODUCT_BUNDLE_IDENTIFIER = "SearchForBirds.Search-For-BirdsTests";
				PRODUCT_NAME = "$(TARGET_NAME)";
				SWIFT_EMIT_LOC_STRINGS = NO;
				SWIFT_VERSION = 5.0;
				TARGETED_DEVICE_FAMILY = "1,2";
				TEST_HOST = "$(BUILT_PRODUCTS_DIR)/Search For Birds.app/Search For Birds";
			};
			name = Debug;
		};
		0A184A1927BEFFCC00276C41 /* Release */ = {
			isa = XCBuildConfiguration;
			buildSettings = {
				ALWAYS_EMBED_SWIFT_STANDARD_LIBRARIES = YES;
				BUNDLE_LOADER = "$(TEST_HOST)";
				CODE_SIGN_STYLE = Automatic;
				CURRENT_PROJECT_VERSION = 1;
				DEVELOPMENT_TEAM = 4MU56CS954;
				GENERATE_INFOPLIST_FILE = YES;
				IPHONEOS_DEPLOYMENT_TARGET = 15.4;
				MARKETING_VERSION = 1.0;
				PRODUCT_BUNDLE_IDENTIFIER = "SearchForBirds.Search-For-BirdsTests";
				PRODUCT_NAME = "$(TARGET_NAME)";
				SWIFT_EMIT_LOC_STRINGS = NO;
				SWIFT_VERSION = 5.0;
				TARGETED_DEVICE_FAMILY = "1,2";
				TEST_HOST = "$(BUILT_PRODUCTS_DIR)/Search For Birds.app/Search For Birds";
			};
			name = Release;
		};
		0A184A1B27BEFFCC00276C41 /* Debug */ = {
			isa = XCBuildConfiguration;
			buildSettings = {
				ALWAYS_EMBED_SWIFT_STANDARD_LIBRARIES = YES;
				CODE_SIGN_STYLE = Automatic;
				CURRENT_PROJECT_VERSION = 1;
				DEVELOPMENT_TEAM = 4MU56CS954;
				GENERATE_INFOPLIST_FILE = YES;
				MARKETING_VERSION = 1.0;
				PRODUCT_BUNDLE_IDENTIFIER = "SearchForBirds.Search-For-BirdsUITests";
				PRODUCT_NAME = "$(TARGET_NAME)";
				SWIFT_EMIT_LOC_STRINGS = NO;
				SWIFT_VERSION = 5.0;
				TARGETED_DEVICE_FAMILY = "1,2";
				TEST_TARGET_NAME = "Search For Birds";
			};
			name = Debug;
		};
		0A184A1C27BEFFCC00276C41 /* Release */ = {
			isa = XCBuildConfiguration;
			buildSettings = {
				ALWAYS_EMBED_SWIFT_STANDARD_LIBRARIES = YES;
				CODE_SIGN_STYLE = Automatic;
				CURRENT_PROJECT_VERSION = 1;
				DEVELOPMENT_TEAM = 4MU56CS954;
				GENERATE_INFOPLIST_FILE = YES;
				MARKETING_VERSION = 1.0;
				PRODUCT_BUNDLE_IDENTIFIER = "SearchForBirds.Search-For-BirdsUITests";
				PRODUCT_NAME = "$(TARGET_NAME)";
				SWIFT_EMIT_LOC_STRINGS = NO;
				SWIFT_VERSION = 5.0;
				TARGETED_DEVICE_FAMILY = "1,2";
				TEST_TARGET_NAME = "Search For Birds";
			};
			name = Release;
		};
/* End XCBuildConfiguration section */

/* Begin XCConfigurationList section */
		0A1849EB27BEFFC000276C41 /* Build configuration list for PBXProject "Search For Birds" */ = {
			isa = XCConfigurationList;
			buildConfigurations = (
				0A184A1227BEFFCC00276C41 /* Debug */,
				0A184A1327BEFFCC00276C41 /* Release */,
			);
			defaultConfigurationIsVisible = 0;
			defaultConfigurationName = Release;
		};
		0A184A1427BEFFCC00276C41 /* Build configuration list for PBXNativeTarget "Search For Birds" */ = {
			isa = XCConfigurationList;
			buildConfigurations = (
				0A184A1527BEFFCC00276C41 /* Debug */,
				0A184A1627BEFFCC00276C41 /* Release */,
			);
			defaultConfigurationIsVisible = 0;
			defaultConfigurationName = Release;
		};
		0A184A1727BEFFCC00276C41 /* Build configuration list for PBXNativeTarget "Search For BirdsTests" */ = {
			isa = XCConfigurationList;
			buildConfigurations = (
				0A184A1827BEFFCC00276C41 /* Debug */,
				0A184A1927BEFFCC00276C41 /* Release */,
			);
			defaultConfigurationIsVisible = 0;
			defaultConfigurationName = Release;
		};
		0A184A1A27BEFFCC00276C41 /* Build configuration list for PBXNativeTarget "Search For BirdsUITests" */ = {
			isa = XCConfigurationList;
			buildConfigurations = (
				0A184A1B27BEFFCC00276C41 /* Debug */,
				0A184A1C27BEFFCC00276C41 /* Release */,
			);
			defaultConfigurationIsVisible = 0;
			defaultConfigurationName = Release;
		};
/* End XCConfigurationList section */
	};
	rootObject = 0A1849E827BEFFC000276C41 /* Project object */;
}
